
Microsoft Visual Studio Solution File, Format Version 12.00
# Visual Studio Version 17
VisualStudioVersion = 17.4.33213.308
MinimumVisualStudioVersion = 10.0.40219.1
Project("{9A19103F-16F7-4668-BE54-9A1E7A4F7556}") = "Avionera", "Avionera\Avionera.csproj", "{476F460E-B564-444C-AEDE-FE8B79B06978}"
EndProject
Project("{FAE04EC0-301F-11D3-BF4B-00C04F79EFBC}") = "Avionera.UnitTests", "Avionera.UnitTests\Avionera.UnitTests.csproj", "{9B484CB7-6AAA-477B-824A-089634C6AF7C}"
EndProject
Global
	GlobalSection(SolutionConfigurationPlatforms) = preSolution
		Debug|Any CPU = Debug|Any CPU
		Release|Any CPU = Release|Any CPU
	EndGlobalSection
	GlobalSection(ProjectConfigurationPlatforms) = postSolution
		{476F460E-B564-444C-AEDE-FE8B79B06978}.Debug|Any CPU.ActiveCfg = Debug|Any CPU
		{476F460E-B564-444C-AEDE-FE8B79B06978}.Debug|Any CPU.Build.0 = Debug|Any CPU
		{476F460E-B564-444C-AEDE-FE8B79B06978}.Release|Any CPU.ActiveCfg = Release|Any CPU
		{476F460E-B564-444C-AEDE-FE8B79B06978}.Release|Any CPU.Build.0 = Release|Any CPU
		{9B484CB7-6AAA-477B-824A-089634C6AF7C}.Debug|Any CPU.ActiveCfg = Debug|Any CPU
		{9B484CB7-6AAA-477B-824A-089634C6AF7C}.Debug|Any CPU.Build.0 = Debug|Any CPU
		{9B484CB7-6AAA-477B-824A-089634C6AF7C}.Release|Any CPU.ActiveCfg = Release|Any CPU
		{9B484CB7-6AAA-477B-824A-089634C6AF7C}.Release|Any CPU.Build.0 = Release|Any CPU
	EndGlobalSection
	GlobalSection(SolutionProperties) = preSolution
		HideSolutionNode = FALSE
	EndGlobalSection
	GlobalSection(ExtensibilityGlobals) = postSolution
		SolutionGuid = {E528E5EE-87D0-4D1D-B9DA-A1D834131184}
	EndGlobalSection
EndGlobal
